{
  "pins" : [
    {
      "identity" : "swift-vim-engine",
      "kind" : "remoteSourceControl",
      "location" : "https://github.com/msjurset/swift-vim-engine.git",
      "state" : {
        "revision" : "8758611fd51fe7bfaac9325cc6897f6b357bd60b",
        "version" : "2.0.0"
      }
    }
  ],
  "version" : 2
}
