{
  "pins" : [
    {
      "identity" : "swift-vim-engine",
      "kind" : "remoteSourceControl",
      "location" : "https://github.com/msjurset/swift-vim-engine.git",
      "state" : {
        "revision" : "249a277d66e158bb2d03eb4e6c5bea2bcb101298",
        "version" : "1.0.0"
      }
    }
  ],
  "version" : 2
}
