{
  "pins" : [
    {
      "identity" : "swift-vim-engine",
      "kind" : "remoteSourceControl",
      "location" : "https://github.com/msjurset/swift-vim-engine.git",
      "state" : {
        "revision" : "cc36f4b613ddc089a766e423238215f4c09e92d4",
        "version" : "2.0.1"
      }
    }
  ],
  "version" : 2
}
